
Microsoft Visual Studio Solution File, Format Version 12.00
# Visual Studio 14
VisualStudioVersion = 14.0.25420.1
MinimumVisualStudioVersion = 10.0.40219.1
Project("{FAE04EC0-301F-11D3-BF4B-00C04F79EFBC}") = "BCAMonitor", "BCAMonitor\BCAMonitor.csproj", "{1A830FA1-62F5-46CA-A50E-BC60DAF9C23C}"
EndProject
Global
	GlobalSection(SolutionConfigurationPlatforms) = preSolution
		Debug|Any CPU = Debug|Any CPU
		Release|Any CPU = Release|Any CPU
	EndGlobalSection
	GlobalSection(ProjectConfigurationPlatforms) = postSolution
		{1A830FA1-62F5-46CA-A50E-BC60DAF9C23C}.Debug|Any CPU.ActiveCfg = Debug|Any CPU
		{1A830FA1-62F5-46CA-A50E-BC60DAF9C23C}.Debug|Any CPU.Build.0 = Debug|Any CPU
		{1A830FA1-62F5-46CA-A50E-BC60DAF9C23C}.Release|Any CPU.ActiveCfg = Release|Any CPU
		{1A830FA1-62F5-46CA-A50E-BC60DAF9C23C}.Release|Any CPU.Build.0 = Release|Any CPU
	EndGlobalSection
	GlobalSection(SolutionProperties) = preSolution
		HideSolutionNode = FALSE
	EndGlobalSection
EndGlobal
